// !$*UTF8*$!
{
	archiveVersion = 1;
	classes = {
	};
	objectVersion = 46;
	objects = {

/* Begin PBXBuildFile section */
		9FF6B40C1BD183610015F471 /* main.m in Sources */ = {isa = PBXBuildFile; fileRef = 9FF6B40B1BD183610015F471 /* main.m */; };
		9FF6B4141BD183C20015F471 /* Book.m in Sources */ = {isa = PBXBuildFile; fileRef = 9FF6B4131BD183C20015F471 /* Book.m */; settings = {ASSET_TAGS = (); }; };
		9FF6B4181BD1967A0015F471 /* searchEngine.m in Sources */ = {isa = PBXBuildFile; fileRef = 9FF6B4171BD1967A0015F471 /* searchEngine.m */; settings = {ASSET_TAGS = (); }; };
/* End PBXBuildFile section */

/* Begin PBXCopyFilesBuildPhase section */
		9FF6B4061BD183610015F471 /* CopyFiles */ = {
			isa = PBXCopyFilesBuildPhase;
			buildActionMask = 2147483647;
			dstPath = /usr/share/man/man1/;
			dstSubfolderSpec = 0;
			files = (
			);
			runOnlyForDeploymentPostprocessing = 1;
		};
/* End PBXCopyFilesBuildPhase section */

/* Begin PBXFileReference section */
		9FF6B4081BD183610015F471 /* TurnToTechSearchEngine */ = {isa = PBXFileReference; explicitFileType = "compiled.mach-o.executable"; includeInIndex = 0; path = TurnToTechSearchEngine; sourceTree = BUILT_PRODUCTS_DIR; };
		9FF6B40B1BD183610015F471 /* main.m */ = {isa = PBXFileReference; lastKnownFileType = sourcecode.c.objc; path = main.m; sourceTree = "<group>"; };
		9FF6B4121BD183C20015F471 /* Book.h */ = {isa = PBXFileReference; fileEncoding = 4; lastKnownFileType = sourcecode.c.h; path = Book.h; sourceTree = "<group>"; };
		9FF6B4131BD183C20015F471 /* Book.m */ = {isa = PBXFileReference; fileEncoding = 4; lastKnownFileType = sourcecode.c.objc; path = Book.m; sourceTree = "<group>"; };
		9FF6B4151BD18B420015F471 /* assorted-breakfast.txt */ = {isa = PBXFileReference; fileEncoding = 4; lastKnownFileType = text; name = "assorted-breakfast.txt"; path = "../../assorted-breakfast.txt"; sourceTree = "<group>"; };
		9FF6B4161BD1967A0015F471 /* searchEngine.h */ = {isa = PBXFileReference; fileEncoding = 4; lastKnownFileType = sourcecode.c.h; path = searchEngine.h; sourceTree = "<group>"; };
		9FF6B4171BD1967A0015F471 /* searchEngine.m */ = {isa = PBXFileReference; fileEncoding = 4; lastKnownFileType = sourcecode.c.objc; path = searchEngine.m; sourceTree = "<group>"; };
/* End PBXFileReference section */

/* Begin PBXFrameworksBuildPhase section */
		9FF6B4051BD183610015F471 /* Frameworks */ = {
			isa = PBXFrameworksBuildPhase;
			buildActionMask = 2147483647;
			files = (
			);
			runOnlyForDeploymentPostprocessing = 0;
		};
/* End PBXFrameworksBuildPhase section */

/* Begin PBXGroup section */
		9FF6B3FF1BD183610015F471 = {
			isa = PBXGroup;
			children = (
				9FF6B40A1BD183610015F471 /* TurnToTechSearchEngine */,
				9FF6B4091BD183610015F471 /* Products */,
			);
			sourceTree = "<group>";
		};
		9FF6B4091BD183610015F471 /* Products */ = {
			isa = PBXGroup;
			children = (
				9FF6B4081BD183610015F471 /* TurnToTechSearchEngine */,
			);
			name = Products;
			sourceTree = "<group>";
		};
		9FF6B40A1BD183610015F471 /* TurnToTechSearchEngine */ = {
			isa = PBXGroup;
			children = (
				9FF6B4151BD18B420015F471 /* assorted-breakfast.txt */,
				9FF6B40B1BD183610015F471 /* main.m */,
				9FF6B4121BD183C20015F471 /* Book.h */,
				9FF6B4131BD183C20015F471 /* Book.m */,
				9FF6B4161BD1967A0015F471 /* searchEngine.h */,
				9FF6B4171BD1967A0015F471 /* searchEngine.m */,
			);
			path = TurnToTechSearchEngine;
			sourceTree = "<group>";
		};
/* End PBXGroup section */

/* Begin PBXNativeTarget section */
		9FF6B4071BD183610015F471 /* TurnToTechSearchEngine */ = {
			isa = PBXNativeTarget;
			buildConfigurationList = 9FF6B40F1BD183610015F471 /* Build configuration list for PBXNativeTarget "TurnToTechSearchEngine" */;
			buildPhases = (
				9FF6B4041BD183610015F471 /* Sources */,
				9FF6B4051BD183610015F471 /* Frameworks */,
				9FF6B4061BD183610015F471 /* CopyFiles */,
			);
			buildRules = (
			);
			dependencies = (
			);
			name = TurnToTechSearchEngine;
			productName = TurnToTechSearchEngine;
			productReference = 9FF6B4081BD183610015F471 /* TurnToTechSearchEngine */;
			productType = "com.apple.product-type.tool";
		};
/* End PBXNativeTarget section */

/* Begin PBXProject section */
		9FF6B4001BD183610015F471 /* Project object */ = {
			isa = PBXProject;
			attributes = {
				LastUpgradeCheck = 0700;
				ORGANIZATIONNAME = "Magnus Kraepelien";
				TargetAttributes = {
					9FF6B4071BD183610015F471 = {
						CreatedOnToolsVersion = 7.0.1;
					};
				};
			};
			buildConfigurationList = 9FF6B4031BD183610015F471 /* Build configuration list for PBXProject "TurnToTechSearchEngine" */;
			compatibilityVersion = "Xcode 3.2";
			developmentRegion = English;
			hasScannedForEncodings = 0;
			knownRegions = (
				en,
			);
			mainGroup = 9FF6B3FF1BD183610015F471;
			productRefGroup = 9FF6B4091BD183610015F471 /* Products */;
			projectDirPath = "";
			projectRoot = "";
			targets = (
				9FF6B4071BD183610015F471 /* TurnToTechSearchEngine */,
			);
		};
/* End PBXProject section */

/* Begin PBXSourcesBuildPhase section */
		9FF6B4041BD183610015F471 /* Sources */ = {
			isa = PBXSourcesBuildPhase;
			buildActionMask = 2147483647;
			files = (
				9FF6B4141BD183C20015F471 /* Book.m in Sources */,
				9FF6B40C1BD183610015F471 /* main.m in Sources */,
				9FF6B4181BD1967A0015F471 /* searchEngine.m in Sources */,
			);
			runOnlyForDeploymentPostprocessing = 0;
		};
/* End PBXSourcesBuildPhase section */

/* Begin XCBuildConfiguration section */
		9FF6B40D1BD183610015F471 /* Debug */ = {
			isa = XCBuildConfiguration;
			buildSettings = {
				ALWAYS_SEARCH_USER_PATHS = NO;
				CLANG_CXX_LANGUAGE_STANDARD = "gnu++0x";
				CLANG_CXX_LIBRARY = "libc++";
				CLANG_ENABLE_MODULES = YES;
				CLANG_ENABLE_OBJC_ARC = YES;
				CLANG_WARN_BOOL_CONVERSION = YES;
				CLANG_WARN_CONSTANT_CONVERSION = YES;
				CLANG_WARN_DIRECT_OBJC_ISA_USAGE = YES_ERROR;
				CLANG_WARN_EMPTY_BODY = YES;
				CLANG_WARN_ENUM_CONVERSION = YES;
				CLANG_WARN_INT_CONVERSION = YES;
				CLANG_WARN_OBJC_ROOT_CLASS = YES_ERROR;
				CLANG_WARN_UNREACHABLE_CODE = YES;
				CLANG_WARN__DUPLICATE_METHOD_MATCH = YES;
				COPY_PHASE_STRIP = NO;
				DEBUG_INFORMATION_FORMAT = dwarf;
				ENABLE_STRICT_OBJC_MSGSEND = YES;
				ENABLE_TESTABILITY = YES;
				GCC_C_LANGUAGE_STANDARD = gnu99;
				GCC_DYNAMIC_NO_PIC = NO;
				GCC_NO_COMMON_BLOCKS = YES;
				GCC_OPTIMIZATION_LEVEL = 0;
				GCC_PREPROCESSOR_DEFINITIONS = (
					"DEBUG=1",
					"$(inherited)",
				);
				GCC_WARN_64_TO_32_BIT_CONVERSION = YES;
				GCC_WARN_ABOUT_RETURN_TYPE = YES_ERROR;
				GCC_WARN_UNDECLARED_SELECTOR = YES;
				GCC_WARN_UNINITIALIZED_AUTOS = YES_AGGRESSIVE;
				GCC_WARN_UNUSED_FUNCTION = YES;
				GCC_WARN_UNUSED_VARIABLE = YES;
				MACOSX_DEPLOYMENT_TARGET = 10.10;
				MTL_ENABLE_DEBUG_INFO = YES;
				ONLY_ACTIVE_ARCH = YES;
				SDKROOT = macosx;
			};
			name = Debug;
		};
		9FF6B40E1BD183610015F471 /* Release */ = {
			isa = XCBuildConfiguration;
			buildSettings = {
				ALWAYS_SEARCH_USER_PATHS = NO;
				CLANG_CXX_LANGUAGE_STANDARD = "gnu++0x";
				CLANG_CXX_LIBRARY = "libc++";
				CLANG_ENABLE_MODULES = YES;
				CLANG_ENABLE_OBJC_ARC = YES;
				CLANG_WARN_BOOL_CONVERSION = YES;
				CLANG_WARN_CONSTANT_CONVERSION = YES;
				CLANG_WARN_DIRECT_OBJC_ISA_USAGE = YES_ERROR;
				CLANG_WARN_EMPTY_BODY = YES;
				CLANG_WARN_ENUM_CONVERSION = YES;
				CLANG_WARN_INT_CONVERSION = YES;
				CLANG_WARN_OBJC_ROOT_CLASS = YES_ERROR;
				CLANG_WARN_UNREACHABLE_CODE = YES;
				CLANG_WARN__DUPLICATE_METHOD_MATCH = YES;
				COPY_PHASE_STRIP = NO;
				DEBUG_INFORMATION_FORMAT = "dwarf-with-dsym";
				ENABLE_NS_ASSERTIONS = NO;
				ENABLE_STRICT_OBJC_MSGSEND = YES;
				GCC_C_LANGUAGE_STANDARD = gnu99;
				GCC_NO_COMMON_BLOCKS = YES;
				GCC_WARN_64_TO_32_BIT_CONVERSION = YES;
				GCC_WARN_ABOUT_RETURN_TYPE = YES_ERROR;
				GCC_WARN_UNDECLARED_SELECTOR = YES;
				GCC_WARN_UNINITIALIZED_AUTOS = YES_AGGRESSIVE;
				GCC_WARN_UNUSED_FUNCTION = YES;
				GCC_WARN_UNUSED_VARIABLE = YES;
				MACOSX_DEPLOYMENT_TARGET = 10.10;
				MTL_ENABLE_DEBUG_INFO = NO;
				SDKROOT = macosx;
			};
			name = Release;
		};
		9FF6B4101BD183610015F471 /* Debug */ = {
			isa = XCBuildConfiguration;
			buildSettings = {
				PRODUCT_NAME = "$(TARGET_NAME)";
			};
			name = Debug;
		};
		9FF6B4111BD183610015F471 /* Release */ = {
			isa = XCBuildConfiguration;
			buildSettings = {
				PRODUCT_NAME = "$(TARGET_NAME)";
			};
			name = Release;
		};
/* End XCBuildConfiguration section */

/* Begin XCConfigurationList section */
		9FF6B4031BD183610015F471 /* Build configuration list for PBXProject "TurnToTechSearchEngine" */ = {
			isa = XCConfigurationList;
			buildConfigurations = (
				9FF6B40D1BD183610015F471 /* Debug */,
				9FF6B40E1BD183610015F471 /* Release */,
			);
			defaultConfigurationIsVisible = 0;
			defaultConfigurationName = Release;
		};
		9FF6B40F1BD183610015F471 /* Build configuration list for PBXNativeTarget "TurnToTechSearchEngine" */ = {
			isa = XCConfigurationList;
			buildConfigurations = (
				9FF6B4101BD183610015F471 /* Debug */,
				9FF6B4111BD183610015F471 /* Release */,
			);
			defaultConfigurationIsVisible = 0;
		};
/* End XCConfigurationList section */
	};
	rootObject = 9FF6B4001BD183610015F471 /* Project object */;
}
